{
  "name": "Jasmine_Basics",
  "version": "1.0.0",
  "lockfileVersion": 1,
  "requires": true,
  "dependencies": {
    "@babel/code-frame": {
      "version": "7.0.0",
      "resolved": "https://registry.npmjs.org/@babel/code-frame/-/code-frame-7.0.0.tgz",
      "integrity": "sha512-OfC2uemaknXr87bdLUkWog7nYuliM9Ij5HUcajsVcMCpQrcLmtxRbVFTIqmcSkSeYRBFBRxs2FiUqFJDLdiebA==",
      "dev": true,
      "requires": {
        "@babel/highlight": "^7.0.0"
      }
    },
    "@babel/generator": {
      "version": "7.4.0",
      "resolved": "https://registry.npmjs.org/@babel/generator/-/generator-7.4.0.tgz",
      "integrity": "sha512-/v5I+a1jhGSKLgZDcmAUZ4K/VePi43eRkUs3yePW1HB1iANOD5tqJXwGSG4BZhSksP8J9ejSlwGeTiiOFZOrXQ==",
      "dev": true,
      "requires": {
        "@babel/types": "^7.4.0",
        "jsesc": "^2.5.1",
        "lodash": "^4.17.11",
        "source-map": "^0.5.0",
        "trim-right": "^1.0.1"
      },
      "dependencies": {
        "source-map": {
          "version": "0.5.7",
          "resolved": "https://registry.npmjs.org/source-map/-/source-map-0.5.7.tgz",
          "integrity": "sha1-igOdLRAh0i0eoUyA2OpGi6LvP8w=",
          "dev": true
        }
      }
    },
    "@babel/helper-function-name": {
      "version": "7.1.0",
      "resolved": "https://registry.npmjs.org/@babel/helper-function-name/-/helper-function-name-7.1.0.tgz",
      "integrity": "sha512-A95XEoCpb3TO+KZzJ4S/5uW5fNe26DjBGqf1o9ucyLyCmi1dXq/B3c8iaWTfBk3VvetUxl16e8tIrd5teOCfGw==",
      "dev": true,
      "requires": {
        "@babel/helper-get-function-arity": "^7.0.0",
        "@babel/template": "^7.1.0",
        "@babel/types": "^7.0.0"
      }
    },
    "@babel/helper-get-function-arity": {
      "version": "7.0.0",
      "resolved": "https://registry.npmjs.org/@babel/helper-get-function-arity/-/helper-get-function-arity-7.0.0.tgz",
      "integrity": "sha512-r2DbJeg4svYvt3HOS74U4eWKsUAMRH01Z1ds1zx8KNTPtpTL5JAsdFv8BNyOpVqdFhHkkRDIg5B4AsxmkjAlmQ==",
      "dev": true,
      "requires": {
        "@babel/types": "^7.0.0"
      }
    },
    "@babel/helper-split-export-declaration": {
      "version": "7.4.0",
      "resolved": "https://registry.npmjs.org/@babel/helper-split-export-declaration/-/helper-split-export-declaration-7.4.0.tgz",
      "integrity": "sha512-7Cuc6JZiYShaZnybDmfwhY4UYHzI6rlqhWjaIqbsJGsIqPimEYy5uh3akSRLMg65LSdSEnJ8a8/bWQN6u2oMGw==",
      "dev": true,
      "requires": {
        "@babel/types": "^7.4.0"
      }
    },
    "@babel/highlight": {
      "version": "7.0.0",
      "resolved": "https://registry.npmjs.org/@babel/highlight/-/highlight-7.0.0.tgz",
      "integrity": "sha512-UFMC4ZeFC48Tpvj7C8UgLvtkaUuovQX+5xNWrsIoMG8o2z+XFKjKaN9iVmS84dPwVN00W4wPmqvYoZF3EGAsfw==",
      "dev": true,
      "requires": {
        "chalk": "^2.0.0",
        "esutils": "^2.0.2",
        "js-tokens": "^4.0.0"
      }
    },
    "@babel/parser": {
      "version": "7.4.3",
      "resolved": "https://registry.npmjs.org/@babel/parser/-/parser-7.4.3.tgz",
      "integrity": "sha512-gxpEUhTS1sGA63EGQGuA+WESPR/6tz6ng7tSHFCmaTJK/cGK8y37cBTspX+U2xCAue2IQVvF6Z0oigmjwD8YGQ==",
      "dev": true
    },
    "@babel/template": {
      "version": "7.4.0",
      "resolved": "https://registry.npmjs.org/@babel/template/-/template-7.4.0.tgz",
      "integrity": "sha512-SOWwxxClTTh5NdbbYZ0BmaBVzxzTh2tO/TeLTbF6MO6EzVhHTnff8CdBXx3mEtazFBoysmEM6GU/wF+SuSx4Fw==",
      "dev": true,
      "requires": {
        "@babel/code-frame": "^7.0.0",
        "@babel/parser": "^7.4.0",
        "@babel/types": "^7.4.0"
      }
    },
    "@babel/traverse": {
      "version": "7.4.3",
      "resolved": "https://registry.npmjs.org/@babel/traverse/-/traverse-7.4.3.tgz",
      "integrity": "sha512-HmA01qrtaCwwJWpSKpA948cBvU5BrmviAief/b3AVw936DtcdsTexlbyzNuDnthwhOQ37xshn7hvQaEQk7ISYQ==",
      "dev": true,
      "requires": {
        "@babel/code-frame": "^7.0.0",
        "@babel/generator": "^7.4.0",
        "@babel/helper-function-name": "^7.1.0",
        "@babel/helper-split-export-declaration": "^7.4.0",
        "@babel/parser": "^7.4.3",
        "@babel/types": "^7.4.0",
        "debug": "^4.1.0",
        "globals": "^11.1.0",
        "lodash": "^4.17.11"
      }
    },
    "@babel/types": {
      "version": "7.4.0",
      "resolved": "https://registry.npmjs.org/@babel/types/-/types-7.4.0.tgz",
      "integrity": "sha512-aPvkXyU2SPOnztlgo8n9cEiXW755mgyvueUPcpStqdzoSPm0fjO0vQBjLkt3JKJW7ufikfcnMTTPsN1xaTsBPA==",
      "dev": true,
      "requires": {
        "esutils": "^2.0.2",
        "lodash": "^4.17.11",
        "to-fast-properties": "^2.0.0"
      }
    },
    "@stryker-mutator/api": {
      "version": "1.2.0",
      "resolved": "https://registry.npmjs.org/@stryker-mutator/api/-/api-1.2.0.tgz",
      "integrity": "sha512-/4tx8cbnVe/fdl2WPcG89HZNK3CG1grG3ex2V1RYmMx7dhb5JclOq/oAhhsxLvZtpgL1ai9ui1rRFMWFdQR2Yg==",
      "dev": true,
      "requires": {
        "mutation-testing-report-schema": "^1.0.0",
        "tslib": "~1.9.3"
      }
    },
    "@stryker-mutator/core": {
      "version": "1.2.0",
      "resolved": "https://registry.npmjs.org/@stryker-mutator/core/-/core-1.2.0.tgz",
      "integrity": "sha512-fODByHtYftDgDq4uIFgGAIi5ClWG/5WQM7N7eiPD5yeZnOiSOmBSrlLGdsVur28hdVLF9+L5ScaOE26kA12ELQ==",
      "dev": true,
      "requires": {
        "@stryker-mutator/api": "^1.2.0",
        "@stryker-mutator/util": "^1.2.0",
        "chalk": "~2.4.1",
        "commander": "~2.19.0",
        "get-port": "~4.2.0",
        "glob": "~7.1.2",
        "inquirer": "~6.2.0",
        "istanbul-lib-instrument": "~3.1.0",
        "lodash": "~4.17.4",
        "log4js": "~4.1.0",
        "mkdirp": "~0.5.1",
        "prettier": "~1.16.1",
        "progress": "~2.0.0",
        "rimraf": "~2.6.1",
        "rxjs": "~6.3.0",
        "source-map": "~0.6.1",
        "surrial": "~1.0.0",
        "tree-kill": "~1.2.0",
        "tslib": "~1.9.3",
        "typed-inject": "~1.0.0",
        "typed-rest-client": "~1.2.0"
      }
    },
    "@stryker-mutator/html-reporter": {
      "version": "1.2.0",
      "resolved": "https://registry.npmjs.org/@stryker-mutator/html-reporter/-/html-reporter-1.2.0.tgz",
      "integrity": "sha512-0YGDbiVZP7/f3bhzewsVVP7TexxJNEEBYt7fRkosotuJ48RRWHWYKLl/0/BBRM/cJaQo1/r9CzSxE+/HRH4ABQ==",
      "dev": true,
      "requires": {
        "@stryker-mutator/api": "^1.2.0",
        "@stryker-mutator/util": "^1.2.0",
        "file-url": "~2.0.0",
        "mkdirp": "~0.5.1",
        "mutation-testing-elements": "^1.0.2",
        "rimraf": "~2.6.1",
        "typed-html": "~1.0.0"
      }
    },
    "@stryker-mutator/javascript-mutator": {
      "version": "1.2.0",
      "resolved": "https://registry.npmjs.org/@stryker-mutator/javascript-mutator/-/javascript-mutator-1.2.0.tgz",
      "integrity": "sha512-Xxra18EebsbkMsN/w1WSE9otrt6+mtDrNy5TceXAFKw31wyVf6WzUCD6yvNR5DR0wheACTz651jXNE+FT9G2mA==",
      "dev": true,
      "requires": {
        "@babel/generator": "~7.4.0",
        "@babel/parser": "~7.4.0",
        "@babel/traverse": "~7.4.0",
        "@stryker-mutator/api": "^1.2.0",
        "lodash": "~4.17.4",
        "tslib": "~1.9.3"
      }
    },
    "@stryker-mutator/util": {
      "version": "1.2.0",
      "resolved": "https://registry.npmjs.org/@stryker-mutator/util/-/util-1.2.0.tgz",
      "integrity": "sha512-EvoT0RZf1SMn4DwtveJO1BIJRC9vrWlOHvu/njDMo0M/4FJltOC0kjOSItoMQc0fxvct8osQKL2FL48xidEG0g==",
      "dev": true
    },
    "amdefine": {
      "version": "1.0.1",
      "resolved": "https://registry.npmjs.org/amdefine/-/amdefine-1.0.1.tgz",
      "integrity": "sha1-SlKCrBZHKek2Gbz9OtFR+BfOkfU=",
      "dev": true,
      "optional": true
    },
    "ansi-escapes": {
      "version": "3.2.0",
      "resolved": "https://registry.npmjs.org/ansi-escapes/-/ansi-escapes-3.2.0.tgz",
      "integrity": "sha512-cBhpre4ma+U0T1oM5fXg7Dy1Jw7zzwv7lt/GoCpr+hDQJoYnKVPLL4dCvSEFMmQurOQvSrwT7SL/DAlhBI97RQ==",
      "dev": true
    },
    "ansi-regex": {
      "version": "3.0.0",
      "resolved": "https://registry.npmjs.org/ansi-regex/-/ansi-regex-3.0.0.tgz",
      "integrity": "sha1-7QMXwyIGT3lGbAKWa922Bas32Zg=",
      "dev": true
    },
    "ansi-styles": {
      "version": "3.2.1",
      "resolved": "https://registry.npmjs.org/ansi-styles/-/ansi-styles-3.2.1.tgz",
      "integrity": "sha512-VT0ZI6kZRdTh8YyJw3SMbYm/u+NqfsAxEpWO0Pf9sq8/e94WxxOpPKx9FR1FlyCtOVDNOQ+8ntlqFxiRc+r5qA==",
      "dev": true,
      "requires": {
        "color-convert": "^1.9.0"
      }
    },
    "async": {
      "version": "2.6.2",
      "resolved": "https://registry.npmjs.org/async/-/async-2.6.2.tgz",
      "integrity": "sha512-H1qVYh1MYhEEFLsP97cVKqCGo7KfCyTt6uEWqsTBr9SO84oK9Uwbyd/yCW+6rKJLHksBNUVWZDAjfS+Ccx0Bbg==",
      "dev": true,
      "requires": {
        "lodash": "^4.17.11"
      }
    },
    "balanced-match": {
      "version": "1.0.0",
      "resolved": "http://cipcentral-prod.be.net.intra/nexus/repository/BNPPF_NPM/balanced-match/-/balanced-match-1.0.0.tgz",
      "integrity": "sha1-ibTRmasr7kneFk6gK4nORi1xt2c=",
      "dev": true
    },
    "brace-expansion": {
      "version": "1.1.11",
      "resolved": "http://cipcentral-prod.be.net.intra/nexus/repository/BNPPF_NPM/brace-expansion/-/brace-expansion-1.1.11.tgz",
      "integrity": "sha512-iCuPHDFgrHX7H2vEI/5xpz07zSHB00TpugqhmYtVmMO6518mCuRMoOYFldEBl0g187ufozdaHgWKcYFb61qGiA==",
      "dev": true,
      "requires": {
        "balanced-match": "^1.0.0",
        "concat-map": "0.0.1"
      }
    },
    "chalk": {
      "version": "2.4.2",
      "resolved": "https://registry.npmjs.org/chalk/-/chalk-2.4.2.tgz",
      "integrity": "sha512-Mti+f9lpJNcwF4tWV8/OrTTtF1gZi+f8FqlyAdouralcFWFQWF2+NgCHShjkCb+IFBLq9buZwE1xckQU4peSuQ==",
      "dev": true,
      "requires": {
        "ansi-styles": "^3.2.1",
        "escape-string-regexp": "^1.0.5",
        "supports-color": "^5.3.0"
      }
    },
    "chardet": {
      "version": "0.7.0",
      "resolved": "https://registry.npmjs.org/chardet/-/chardet-0.7.0.tgz",
      "integrity": "sha512-mT8iDcrh03qDGRRmoA2hmBJnxpllMR+0/0qlzjqZES6NdiWDcZkCNAk4rPFZ9Q85r27unkiNNg8ZOiwZXBHwcA==",
      "dev": true
    },
    "cli-cursor": {
      "version": "2.1.0",
      "resolved": "https://registry.npmjs.org/cli-cursor/-/cli-cursor-2.1.0.tgz",
      "integrity": "sha1-s12sN2R5+sw+lHR9QdDQ9SOP/LU=",
      "dev": true,
      "requires": {
        "restore-cursor": "^2.0.0"
      }
    },
    "cli-width": {
      "version": "2.2.0",
      "resolved": "https://registry.npmjs.org/cli-width/-/cli-width-2.2.0.tgz",
      "integrity": "sha1-/xnt6Kml5XkyQUewwR8PvLq+1jk=",
      "dev": true
    },
    "color-convert": {
      "version": "1.9.3",
      "resolved": "https://registry.npmjs.org/color-convert/-/color-convert-1.9.3.tgz",
      "integrity": "sha512-QfAUtd+vFdAtFQcC8CCyYt1fYWxSqAiK2cSD6zDB8N3cpsEBAvRxp9zOGg6G/SHHJYAT88/az/IuDGALsNVbGg==",
      "dev": true,
      "requires": {
        "color-name": "1.1.3"
      }
    },
    "color-name": {
      "version": "1.1.3",
      "resolved": "https://registry.npmjs.org/color-name/-/color-name-1.1.3.tgz",
      "integrity": "sha1-p9BVi9icQveV3UIyj3QIMcpTvCU=",
      "dev": true
    },
    "commander": {
      "version": "2.19.0",
      "resolved": "https://registry.npmjs.org/commander/-/commander-2.19.0.tgz",
      "integrity": "sha512-6tvAOO+D6OENvRAh524Dh9jcfKTYDQAqvqezbCW82xj5X0pSrcpxtvRKHLG0yBY6SD7PSDrJaj+0AiOcKVd1Xg==",
      "dev": true
    },
    "concat-map": {
      "version": "0.0.1",
      "resolved": "http://cipcentral-prod.be.net.intra/nexus/repository/BNPPF_NPM/concat-map/-/concat-map-0.0.1.tgz",
      "integrity": "sha1-2Klr13/Wjfd5OnMDajug1UBdR3s=",
      "dev": true
    },
    "date-format": {
      "version": "2.0.0",
      "resolved": "https://registry.npmjs.org/date-format/-/date-format-2.0.0.tgz",
      "integrity": "sha512-M6UqVvZVgFYqZL1SfHsRGIQSz3ZL+qgbsV5Lp1Vj61LZVYuEwcMXYay7DRDtYs2HQQBK5hQtQ0fD9aEJ89V0LA==",
      "dev": true
    },
    "debug": {
      "version": "4.1.1",
      "resolved": "https://registry.npmjs.org/debug/-/debug-4.1.1.tgz",
      "integrity": "sha512-pYAIzeRo8J6KPEaJ0VWOh5Pzkbw/RetuzehGM7QRRX5he4fPHx2rdKMB256ehJCkX+XRQm16eZLqLNS8RSZXZw==",
      "dev": true,
      "requires": {
        "ms": "^2.1.1"
      }
    },
    "deep-is": {
      "version": "0.1.3",
      "resolved": "https://registry.npmjs.org/deep-is/-/deep-is-0.1.3.tgz",
      "integrity": "sha1-s2nW+128E+7PUk+RsHD+7cNXzzQ=",
      "dev": true
    },
    "escape-string-regexp": {
      "version": "1.0.5",
      "resolved": "https://registry.npmjs.org/escape-string-regexp/-/escape-string-regexp-1.0.5.tgz",
      "integrity": "sha1-G2HAViGQqN/2rjuyzwIAyhMLhtQ=",
      "dev": true
    },
    "escodegen": {
      "version": "1.8.1",
      "resolved": "https://registry.npmjs.org/escodegen/-/escodegen-1.8.1.tgz",
      "integrity": "sha1-WltTr0aTEQvrsIZ6o0MN07cKEBg=",
      "dev": true,
      "requires": {
        "esprima": "^2.7.1",
        "estraverse": "^1.9.1",
        "esutils": "^2.0.2",
        "optionator": "^0.8.1",
        "source-map": "~0.2.0"
      },
      "dependencies": {
        "source-map": {
          "version": "0.2.0",
          "resolved": "https://registry.npmjs.org/source-map/-/source-map-0.2.0.tgz",
          "integrity": "sha1-2rc/vPwrqBm03gO9b26qSBZLP50=",
          "dev": true,
          "optional": true,
          "requires": {
            "amdefine": ">=0.0.4"
          }
        }
      }
    },
    "esprima": {
      "version": "2.7.3",
      "resolved": "https://registry.npmjs.org/esprima/-/esprima-2.7.3.tgz",
      "integrity": "sha1-luO3DVd59q1JzQMmc9HDEnZ7pYE=",
      "dev": true
    },
    "estraverse": {
      "version": "1.9.3",
      "resolved": "https://registry.npmjs.org/estraverse/-/estraverse-1.9.3.tgz",
      "integrity": "sha1-r2fy3JIlgkFZUJJgkaQAXSnJu0Q=",
      "dev": true
    },
    "esutils": {
      "version": "2.0.2",
      "resolved": "https://registry.npmjs.org/esutils/-/esutils-2.0.2.tgz",
      "integrity": "sha1-Cr9PHKpbyx96nYrMbepPqqBLrJs=",
      "dev": true
    },
    "external-editor": {
      "version": "3.0.3",
      "resolved": "https://registry.npmjs.org/external-editor/-/external-editor-3.0.3.tgz",
      "integrity": "sha512-bn71H9+qWoOQKyZDo25mOMVpSmXROAsTJVVVYzrrtol3d4y+AsKjf4Iwl2Q+IuT0kFSQ1qo166UuIwqYq7mGnA==",
      "dev": true,
      "requires": {
        "chardet": "^0.7.0",
        "iconv-lite": "^0.4.24",
        "tmp": "^0.0.33"
      }
    },
    "fast-levenshtein": {
      "version": "2.0.6",
      "resolved": "https://registry.npmjs.org/fast-levenshtein/-/fast-levenshtein-2.0.6.tgz",
      "integrity": "sha1-PYpcZog6FqMMqGQ+hR8Zuqd5eRc=",
      "dev": true
    },
    "figures": {
      "version": "2.0.0",
      "resolved": "https://registry.npmjs.org/figures/-/figures-2.0.0.tgz",
      "integrity": "sha1-OrGi0qYsi/tDGgyUy3l6L84nyWI=",
      "dev": true,
      "requires": {
        "escape-string-regexp": "^1.0.5"
      }
    },
    "file-url": {
      "version": "2.0.2",
      "resolved": "https://registry.npmjs.org/file-url/-/file-url-2.0.2.tgz",
      "integrity": "sha1-6VF4TXkJUSfTcTApqwY/QIGMoq4=",
      "dev": true
    },
    "flatted": {
      "version": "2.0.0",
      "resolved": "https://registry.npmjs.org/flatted/-/flatted-2.0.0.tgz",
      "integrity": "sha512-R+H8IZclI8AAkSBRQJLVOsxwAoHd6WC40b4QTNWIjzAa6BXOBfQcM587MXDTVPeYaopFNWHUFLx7eNmHDSxMWg==",
      "dev": true
    },
    "fs-extra": {
      "version": "7.0.1",
      "resolved": "https://registry.npmjs.org/fs-extra/-/fs-extra-7.0.1.tgz",
      "integrity": "sha512-YJDaCJZEnBmcbw13fvdAM9AwNOJwOzrE4pqMqBq5nFiEqXUqHwlK4B+3pUw6JNvfSPtX05xFHtYy/1ni01eGCw==",
      "dev": true,
      "requires": {
        "graceful-fs": "^4.1.2",
        "jsonfile": "^4.0.0",
        "universalify": "^0.1.0"
      }
    },
    "fs.realpath": {
      "version": "1.0.0",
      "resolved": "http://cipcentral-prod.be.net.intra/nexus/repository/BNPPF_NPM/fs.realpath/-/fs.realpath-1.0.0.tgz",
      "integrity": "sha1-FQStJSMVjKpA20onh8sBQRmU6k8=",
      "dev": true
    },
    "get-port": {
      "version": "4.2.0",
      "resolved": "https://registry.npmjs.org/get-port/-/get-port-4.2.0.tgz",
      "integrity": "sha512-/b3jarXkH8KJoOMQc3uVGHASwGLPq3gSFJ7tgJm2diza+bydJPTGOibin2steecKeOylE8oY2JERlVWkAJO6yw==",
      "dev": true
    },
    "glob": {
      "version": "7.1.3",
      "resolved": "http://cipcentral-prod.be.net.intra/nexus/repository/BNPPF_NPM/glob/-/glob-7.1.3.tgz",
      "integrity": "sha512-vcfuiIxogLV4DlGBHIUOwI0IbrJ8HWPc4MU7HzviGeNho/UJDfi6B5p3sHeWIQ0KGIU0Jpxi5ZHxemQfLkkAwQ==",
      "dev": true,
      "requires": {
        "fs.realpath": "^1.0.0",
        "inflight": "^1.0.4",
        "inherits": "2",
        "minimatch": "^3.0.4",
        "once": "^1.3.0",
        "path-is-absolute": "^1.0.0"
      }
    },
    "globals": {
      "version": "11.11.0",
      "resolved": "https://registry.npmjs.org/globals/-/globals-11.11.0.tgz",
      "integrity": "sha512-WHq43gS+6ufNOEqlrDBxVEbb8ntfXrfAUU2ZOpCxrBdGKW3gyv8mCxAfIBD0DroPKGrJ2eSsXsLtY9MPntsyTw==",
      "dev": true
    },
    "graceful-fs": {
      "version": "4.1.15",
      "resolved": "https://registry.npmjs.org/graceful-fs/-/graceful-fs-4.1.15.tgz",
      "integrity": "sha512-6uHUhOPEBgQ24HM+r6b/QwWfZq+yiFcipKFrOFiBEnWdy5sdzYoi+pJeQaPI5qOLRFqWmAXUPQNsielzdLoecA==",
      "dev": true
    },
    "has-flag": {
      "version": "3.0.0",
      "resolved": "https://registry.npmjs.org/has-flag/-/has-flag-3.0.0.tgz",
      "integrity": "sha1-tdRU3CGZriJWmfNGfloH87lVuv0=",
      "dev": true
    },
    "iconv-lite": {
      "version": "0.4.24",
      "resolved": "https://registry.npmjs.org/iconv-lite/-/iconv-lite-0.4.24.tgz",
      "integrity": "sha512-v3MXnZAcvnywkTUEZomIActle7RXXeedOR31wwl7VlyoXO4Qi9arvSenNQWne1TcRwhCL1HwLI21bEqdpj8/rA==",
      "dev": true,
      "requires": {
        "safer-buffer": ">= 2.1.2 < 3"
      }
    },
    "inflight": {
      "version": "1.0.6",
      "resolved": "http://cipcentral-prod.be.net.intra/nexus/repository/BNPPF_NPM/inflight/-/inflight-1.0.6.tgz",
      "integrity": "sha1-Sb1jMdfQLQwJvJEKEHW6gWW1bfk=",
      "dev": true,
      "requires": {
        "once": "^1.3.0",
        "wrappy": "1"
      }
    },
    "inherits": {
      "version": "2.0.3",
      "resolved": "http://cipcentral-prod.be.net.intra/nexus/repository/BNPPF_NPM/inherits/-/inherits-2.0.3.tgz",
      "integrity": "sha1-Yzwsg+PaQqUC9SRmAiSA9CCCYd4=",
      "dev": true
    },
    "inquirer": {
      "version": "6.2.2",
      "resolved": "https://registry.npmjs.org/inquirer/-/inquirer-6.2.2.tgz",
      "integrity": "sha512-Z2rREiXA6cHRR9KBOarR3WuLlFzlIfAEIiB45ll5SSadMg7WqOh1MKEjjndfuH5ewXdixWCxqnVfGOQzPeiztA==",
      "dev": true,
      "requires": {
        "ansi-escapes": "^3.2.0",
        "chalk": "^2.4.2",
        "cli-cursor": "^2.1.0",
        "cli-width": "^2.0.0",
        "external-editor": "^3.0.3",
        "figures": "^2.0.0",
        "lodash": "^4.17.11",
        "mute-stream": "0.0.7",
        "run-async": "^2.2.0",
        "rxjs": "^6.4.0",
        "string-width": "^2.1.0",
        "strip-ansi": "^5.0.0",
        "through": "^2.3.6"
      },
      "dependencies": {
        "rxjs": {
          "version": "6.4.0",
          "resolved": "https://registry.npmjs.org/rxjs/-/rxjs-6.4.0.tgz",
          "integrity": "sha512-Z9Yfa11F6B9Sg/BK9MnqnQ+aQYicPLtilXBp2yUtDt2JRCE0h26d33EnfO3ZxoNxG0T92OUucP3Ct7cpfkdFfw==",
          "dev": true,
          "requires": {
            "tslib": "^1.9.0"
          }
        }
      }
    },
    "is-fullwidth-code-point": {
      "version": "2.0.0",
      "resolved": "https://registry.npmjs.org/is-fullwidth-code-point/-/is-fullwidth-code-point-2.0.0.tgz",
      "integrity": "sha1-o7MKXE8ZkYMWeqq5O+764937ZU8=",
      "dev": true
    },
    "is-promise": {
      "version": "2.1.0",
      "resolved": "https://registry.npmjs.org/is-promise/-/is-promise-2.1.0.tgz",
      "integrity": "sha1-eaKp7OfwlugPNtKy87wWwf9L8/o=",
      "dev": true
    },
    "istanbul-lib-coverage": {
      "version": "2.0.3",
      "resolved": "https://registry.npmjs.org/istanbul-lib-coverage/-/istanbul-lib-coverage-2.0.3.tgz",
      "integrity": "sha512-dKWuzRGCs4G+67VfW9pBFFz2Jpi4vSp/k7zBcJ888ofV5Mi1g5CUML5GvMvV6u9Cjybftu+E8Cgp+k0dI1E5lw==",
      "dev": true
    },
    "istanbul-lib-instrument": {
      "version": "3.1.0",
      "resolved": "https://registry.npmjs.org/istanbul-lib-instrument/-/istanbul-lib-instrument-3.1.0.tgz",
      "integrity": "sha512-ooVllVGT38HIk8MxDj/OIHXSYvH+1tq/Vb38s8ixt9GoJadXska4WkGY+0wkmtYCZNYtaARniH/DixUGGLZ0uA==",
      "dev": true,
      "requires": {
        "@babel/generator": "^7.0.0",
        "@babel/parser": "^7.0.0",
        "@babel/template": "^7.0.0",
        "@babel/traverse": "^7.0.0",
        "@babel/types": "^7.0.0",
        "istanbul-lib-coverage": "^2.0.3",
        "semver": "^5.5.0"
      }
    },
    "jasmine": {
      "version": "3.3.1",
      "resolved": "http://cipcentral-prod.be.net.intra/nexus/repository/BNPPF_NPM/jasmine/-/jasmine-3.3.1.tgz",
      "integrity": "sha512-/vU3/H7U56XsxIXHwgEuWpCgQ0bRi2iiZeUpx7Nqo8n1TpoDHfZhkPIc7CO8I4pnMzYsi3XaSZEiy8cnTfujng==",
      "dev": true,
      "requires": {
        "glob": "^7.0.6",
        "jasmine-core": "~3.3.0"
      },
      "dependencies": {
        "jasmine-core": {
          "version": "3.3.0",
          "resolved": "https://registry.npmjs.org/jasmine-core/-/jasmine-core-3.3.0.tgz",
          "integrity": "sha512-3/xSmG/d35hf80BEN66Y6g9Ca5l/Isdeg/j6zvbTYlTzeKinzmaTM4p9am5kYqOmE05D7s1t8FGjzdSnbUbceA==",
          "dev": true
        }
      }
    },
    "jasmine-core": {
      "version": "3.4.0",
      "resolved": "https://registry.npmjs.org/jasmine-core/-/jasmine-core-3.4.0.tgz",
      "integrity": "sha512-HU/YxV4i6GcmiH4duATwAbJQMlE0MsDIR5XmSVxURxKHn3aGAdbY1/ZJFmVRbKtnLwIxxMJD7gYaPsypcbYimg==",
      "dev": true
    },
    "js-tokens": {
      "version": "4.0.0",
      "resolved": "https://registry.npmjs.org/js-tokens/-/js-tokens-4.0.0.tgz",
      "integrity": "sha512-RdJUflcE3cUzKiMqQgsCu06FPu9UdIJO0beYbPhHN4k6apgJtifcoCtT9bcxOpYBtpD2kCM6Sbzg4CausW/PKQ==",
      "dev": true
    },
    "jsesc": {
      "version": "2.5.2",
      "resolved": "https://registry.npmjs.org/jsesc/-/jsesc-2.5.2.tgz",
      "integrity": "sha512-OYu7XEzjkCQ3C5Ps3QIZsQfNpqoJyZZA99wd9aWd05NCtC5pWOkShK2mkL6HXQR6/Cy2lbNdPlZBpuQHXE63gA==",
      "dev": true
    },
    "jsonfile": {
      "version": "4.0.0",
      "resolved": "https://registry.npmjs.org/jsonfile/-/jsonfile-4.0.0.tgz",
      "integrity": "sha1-h3Gq4HmbZAdrdmQPygWPnBDjPss=",
      "dev": true,
      "requires": {
        "graceful-fs": "^4.1.6"
      }
    },
    "levn": {
      "version": "0.3.0",
      "resolved": "https://registry.npmjs.org/levn/-/levn-0.3.0.tgz",
      "integrity": "sha1-OwmSTt+fCDwEkP3UwLxEIeBHZO4=",
      "dev": true,
      "requires": {
        "prelude-ls": "~1.1.2",
        "type-check": "~0.3.2"
      }
    },
    "lodash": {
      "version": "4.17.15",
      "resolved": "https://registry.npmjs.org/lodash/-/lodash-4.17.15.tgz",
      "integrity": "sha512-8xOcRHvCjnocdS5cpwXQXVzmmh5e5+saE2QGoeQmbKmRS6J3VQppPOIt0MnmE+4xlZoumy0GPG0D0MVIQbNA1A==",
      "dev": true
    },
    "log4js": {
      "version": "4.1.0",
      "resolved": "https://registry.npmjs.org/log4js/-/log4js-4.1.0.tgz",
      "integrity": "sha512-eDa+zZPeVEeK6QGJAePyXM6pg4P3n3TO5rX9iZMVY48JshsTyLJZLIL5HipI1kQ2qLsSyOpUqNND/C5H4WhhiA==",
      "dev": true,
      "requires": {
        "date-format": "^2.0.0",
        "debug": "^4.1.1",
        "flatted": "^2.0.0",
        "rfdc": "^1.1.2",
        "streamroller": "^1.0.4"
      }
    },
    "mimic-fn": {
      "version": "1.2.0",
      "resolved": "https://registry.npmjs.org/mimic-fn/-/mimic-fn-1.2.0.tgz",
      "integrity": "sha512-jf84uxzwiuiIVKiOLpfYk7N46TSy8ubTonmneY9vrpHNAnp0QBt2BxWV9dO3/j+BoVAb+a5G6YDPW3M5HOdMWQ==",
      "dev": true
    },
    "minimatch": {
      "version": "3.0.4",
      "resolved": "http://cipcentral-prod.be.net.intra/nexus/repository/BNPPF_NPM/minimatch/-/minimatch-3.0.4.tgz",
      "integrity": "sha512-yJHVQEhyqPLUTgt9B83PXu6W3rx4MvvHvSUvToogpwoGDOUQ+yDrR0HRot+yOCdCO7u4hX3pWft6kWBBcqh0UA==",
      "dev": true,
      "requires": {
        "brace-expansion": "^1.1.7"
      }
    },
    "minimist": {
      "version": "0.0.8",
      "resolved": "https://registry.npmjs.org/minimist/-/minimist-0.0.8.tgz",
      "integrity": "sha1-hX/Kv8M5fSYluCKCYuhqp6ARsF0=",
      "dev": true
    },
    "mkdirp": {
      "version": "0.5.1",
      "resolved": "https://registry.npmjs.org/mkdirp/-/mkdirp-0.5.1.tgz",
      "integrity": "sha1-MAV0OOrGz3+MR2fzhkjWaX11yQM=",
      "dev": true,
      "requires": {
        "minimist": "0.0.8"
      }
    },
    "ms": {
      "version": "2.1.1",
      "resolved": "https://registry.npmjs.org/ms/-/ms-2.1.1.tgz",
      "integrity": "sha512-tgp+dl5cGk28utYktBsrFqA7HKgrhgPsg6Z/EfhWI4gl1Hwq8B/GmY/0oXZ6nF8hDVesS/FpnYaD/kOWhYQvyg==",
      "dev": true
    },
    "mutation-testing-elements": {
      "version": "1.0.2",
      "resolved": "https://registry.npmjs.org/mutation-testing-elements/-/mutation-testing-elements-1.0.2.tgz",
      "integrity": "sha512-uBmuHpfY0tFxZXQ8pjBg7SK3VLfBt7tHLW7l07eQGMkWo/LO/rpthsnTdjanJsskQVgzOKXEGVvAPf6WkHNeIQ==",
      "dev": true
    },
    "mutation-testing-report-schema": {
      "version": "1.0.0",
      "resolved": "https://registry.npmjs.org/mutation-testing-report-schema/-/mutation-testing-report-schema-1.0.0.tgz",
      "integrity": "sha512-o6zj8XnqUVnlriRXnXM+5tF0PqsUdnAkauNsixdmU0DaCw0c8eK/Yx4U7kFw1CtVnu6T2EwX5qFnEn0kD/Hu1w==",
      "dev": true
    },
    "mute-stream": {
      "version": "0.0.7",
      "resolved": "https://registry.npmjs.org/mute-stream/-/mute-stream-0.0.7.tgz",
      "integrity": "sha1-MHXOk7whuPq0PhvE2n6BFe0ee6s=",
      "dev": true
    },
    "once": {
      "version": "1.4.0",
      "resolved": "http://cipcentral-prod.be.net.intra/nexus/repository/BNPPF_NPM/once/-/once-1.4.0.tgz",
      "integrity": "sha1-WDsap3WWHUsROsF9nFC6753Xa9E=",
      "dev": true,
      "requires": {
        "wrappy": "1"
      }
    },
    "onetime": {
      "version": "2.0.1",
      "resolved": "https://registry.npmjs.org/onetime/-/onetime-2.0.1.tgz",
      "integrity": "sha1-BnQoIw/WdEOyeUsiu6UotoZ5YtQ=",
      "dev": true,
      "requires": {
        "mimic-fn": "^1.0.0"
      }
    },
    "optionator": {
      "version": "0.8.2",
      "resolved": "https://registry.npmjs.org/optionator/-/optionator-0.8.2.tgz",
      "integrity": "sha1-NkxeQJ0/TWMB1sC0wFu6UBgK62Q=",
      "dev": true,
      "requires": {
        "deep-is": "~0.1.3",
        "fast-levenshtein": "~2.0.4",
        "levn": "~0.3.0",
        "prelude-ls": "~1.1.2",
        "type-check": "~0.3.2",
        "wordwrap": "~1.0.0"
      }
    },
    "os-tmpdir": {
      "version": "1.0.2",
      "resolved": "https://registry.npmjs.org/os-tmpdir/-/os-tmpdir-1.0.2.tgz",
      "integrity": "sha1-u+Z0BseaqFxc/sdm/lc0VV36EnQ=",
      "dev": true
    },
    "path-is-absolute": {
      "version": "1.0.1",
      "resolved": "http://cipcentral-prod.be.net.intra/nexus/repository/BNPPF_NPM/path-is-absolute/-/path-is-absolute-1.0.1.tgz",
      "integrity": "sha1-F0uSaHNVNP+8es5r9TpanhtcX18=",
      "dev": true
    },
    "prelude-ls": {
      "version": "1.1.2",
      "resolved": "https://registry.npmjs.org/prelude-ls/-/prelude-ls-1.1.2.tgz",
      "integrity": "sha1-IZMqVJ9eUv/ZqCf1cOBL5iqX2lQ=",
      "dev": true
    },
    "prettier": {
      "version": "1.16.4",
      "resolved": "https://registry.npmjs.org/prettier/-/prettier-1.16.4.tgz",
      "integrity": "sha512-ZzWuos7TI5CKUeQAtFd6Zhm2s6EpAD/ZLApIhsF9pRvRtM1RFo61dM/4MSRUA0SuLugA/zgrZD8m0BaY46Og7g==",
      "dev": true
    },
    "progress": {
      "version": "2.0.3",
      "resolved": "https://registry.npmjs.org/progress/-/progress-2.0.3.tgz",
      "integrity": "sha512-7PiHtLll5LdnKIMw100I+8xJXR5gW2QwWYkT6iJva0bXitZKa/XMrSbdmg3r2Xnaidz9Qumd0VPaMrZlF9V9sA==",
      "dev": true
    },
    "restore-cursor": {
      "version": "2.0.0",
      "resolved": "https://registry.npmjs.org/restore-cursor/-/restore-cursor-2.0.0.tgz",
      "integrity": "sha1-n37ih/gv0ybU/RYpI9YhKe7g368=",
      "dev": true,
      "requires": {
        "onetime": "^2.0.0",
        "signal-exit": "^3.0.2"
      }
    },
    "rfdc": {
      "version": "1.1.2",
      "resolved": "https://registry.npmjs.org/rfdc/-/rfdc-1.1.2.tgz",
      "integrity": "sha512-92ktAgvZhBzYTIK0Mja9uen5q5J3NRVMoDkJL2VMwq6SXjVCgqvQeVP2XAaUY6HT+XpQYeLSjb3UoitBryKmdA==",
      "dev": true
    },
    "rimraf": {
      "version": "2.6.3",
      "resolved": "https://registry.npmjs.org/rimraf/-/rimraf-2.6.3.tgz",
      "integrity": "sha512-mwqeW5XsA2qAejG46gYdENaxXjx9onRNCfn7L0duuP4hCuTIi/QO7PDK07KJfp1d+izWPrzEJDcSqBa0OZQriA==",
      "dev": true,
      "requires": {
        "glob": "^7.1.3"
      }
    },
    "run-async": {
      "version": "2.3.0",
      "resolved": "https://registry.npmjs.org/run-async/-/run-async-2.3.0.tgz",
      "integrity": "sha1-A3GrSuC91yDUFm19/aZP96RFpsA=",
      "dev": true,
      "requires": {
        "is-promise": "^2.1.0"
      }
    },
    "rxjs": {
      "version": "6.3.3",
      "resolved": "https://registry.npmjs.org/rxjs/-/rxjs-6.3.3.tgz",
      "integrity": "sha512-JTWmoY9tWCs7zvIk/CvRjhjGaOd+OVBM987mxFo+OW66cGpdKjZcpmc74ES1sB//7Kl/PAe8+wEakuhG4pcgOw==",
      "dev": true,
      "requires": {
        "tslib": "^1.9.0"
      }
    },
    "safer-buffer": {
      "version": "2.1.2",
      "resolved": "https://registry.npmjs.org/safer-buffer/-/safer-buffer-2.1.2.tgz",
      "integrity": "sha512-YZo3K82SD7Riyi0E1EQPojLz7kpepnSQI9IyPbHHg1XXXevb5dJI7tpyN2ADxGcQbHG7vcyRHk0cbwqcQriUtg==",
      "dev": true
    },
    "semver": {
      "version": "5.7.0",
      "resolved": "https://registry.npmjs.org/semver/-/semver-5.7.0.tgz",
      "integrity": "sha512-Ya52jSX2u7QKghxeoFGpLwCtGlt7j0oY9DYb5apt9nPlJ42ID+ulTXESnt/qAQcoSERyZ5sl3LDIOw0nAn/5DA==",
      "dev": true
    },
    "signal-exit": {
      "version": "3.0.2",
      "resolved": "https://registry.npmjs.org/signal-exit/-/signal-exit-3.0.2.tgz",
      "integrity": "sha1-tf3AjxKH6hF4Yo5BXiUTK3NkbG0=",
      "dev": true
    },
    "source-map": {
      "version": "0.6.1",
      "resolved": "https://registry.npmjs.org/source-map/-/source-map-0.6.1.tgz",
      "integrity": "sha512-UjgapumWlbMhkBgzT7Ykc5YXUT46F0iKu8SGXq0bcwP5dz/h0Plj6enJqjz1Zbq2l5WaqYnrVbwWOWMyF3F47g==",
      "dev": true
    },
    "streamroller": {
      "version": "1.0.4",
      "resolved": "https://registry.npmjs.org/streamroller/-/streamroller-1.0.4.tgz",
      "integrity": "sha512-Wc2Gm5ygjSX8ZpW9J7Y9FwiSzTlKSvcl0FTTMd3rn7RoxDXpBW+xD9TY5sWL2n0UR61COB0LG1BQvN6nTUQbLQ==",
      "dev": true,
      "requires": {
        "async": "^2.6.1",
        "date-format": "^2.0.0",
        "debug": "^3.1.0",
        "fs-extra": "^7.0.0",
        "lodash": "^4.17.10"
      },
      "dependencies": {
        "debug": {
          "version": "3.2.6",
          "resolved": "https://registry.npmjs.org/debug/-/debug-3.2.6.tgz",
          "integrity": "sha512-mel+jf7nrtEl5Pn1Qx46zARXKDpBbvzezse7p7LqINmdoIk8PYP5SySaxEmYv6TZ0JyEKA1hsCId6DIhgITtWQ==",
          "dev": true,
          "requires": {
            "ms": "^2.1.1"
          }
        }
      }
    },
    "string-width": {
      "version": "2.1.1",
      "resolved": "https://registry.npmjs.org/string-width/-/string-width-2.1.1.tgz",
      "integrity": "sha512-nOqH59deCq9SRHlxq1Aw85Jnt4w6KvLKqWVik6oA9ZklXLNIOlqg4F2yrT1MVaTjAqvVwdfeZ7w7aCvJD7ugkw==",
      "dev": true,
      "requires": {
        "is-fullwidth-code-point": "^2.0.0",
        "strip-ansi": "^4.0.0"
      },
      "dependencies": {
        "strip-ansi": {
          "version": "4.0.0",
          "resolved": "https://registry.npmjs.org/strip-ansi/-/strip-ansi-4.0.0.tgz",
          "integrity": "sha1-qEeQIusaw2iocTibY1JixQXuNo8=",
          "dev": true,
          "requires": {
            "ansi-regex": "^3.0.0"
          }
        }
      }
    },
    "strip-ansi": {
      "version": "5.2.0",
      "resolved": "https://registry.npmjs.org/strip-ansi/-/strip-ansi-5.2.0.tgz",
      "integrity": "sha512-DuRs1gKbBqsMKIZlrffwlug8MHkcnpjs5VPmL1PAh+mA30U0DTotfDZ0d2UUsXpPmPmMMJ6W773MaA3J+lbiWA==",
      "dev": true,
      "requires": {
        "ansi-regex": "^4.1.0"
      },
      "dependencies": {
        "ansi-regex": {
          "version": "4.1.0",
          "resolved": "https://registry.npmjs.org/ansi-regex/-/ansi-regex-4.1.0.tgz",
          "integrity": "sha512-1apePfXM1UOSqw0o9IiFAovVz9M5S1Dg+4TrDwfMewQ6p/rmMueb7tWZjQ1rx4Loy1ArBggoqGpfqqdI4rondg==",
          "dev": true
        }
      }
    },
    "stryker": {
      "version": "0.35.1",
      "resolved": "https://registry.npmjs.org/stryker/-/stryker-0.35.1.tgz",
      "integrity": "sha512-AJ2qcjPjke87LwHrzo+HfzuLJdhR2KCuNF5oT61+pL8SSGvXEOjU9nrvR+WbhBdtD+3A/3RC3bbYYbV2iQqXdg==",
      "dev": true,
      "requires": {
        "@stryker-mutator/util": "^0.1.0",
        "chalk": "~2.4.1",
        "commander": "~2.19.0",
        "escodegen": "~1.8.0",
        "esprima": "~2.7.0",
        "get-port": "~4.1.0",
        "glob": "~7.1.2",
        "inquirer": "~6.2.0",
        "istanbul-lib-instrument": "~3.1.0",
        "lodash": "~4.17.4",
        "log4js": "~4.0.2",
        "mkdirp": "~0.5.1",
        "prettier": "~1.16.1",
        "progress": "~2.0.0",
        "rimraf": "~2.6.1",
        "rxjs": "~6.3.0",
        "source-map": "~0.6.1",
        "surrial": "~1.0.0",
        "tree-kill": "~1.2.0",
        "tslib": "~1.9.3",
        "typed-inject": "~1.0.0",
        "typed-rest-client": "~1.1.2"
      },
      "dependencies": {
        "@stryker-mutator/util": {
          "version": "0.1.0",
          "resolved": "https://registry.npmjs.org/@stryker-mutator/util/-/util-0.1.0.tgz",
          "integrity": "sha512-1hdU/FV5vkBeIfkBjoNC5AUGEZYvxkjKHBvRgAqoSvMQ0X0hfZXCB1eXdOIW2CbZj6/IlSxVvBwBejAsFXDfmw==",
          "dev": true
        },
        "debug": {
          "version": "3.2.6",
          "resolved": "https://registry.npmjs.org/debug/-/debug-3.2.6.tgz",
          "integrity": "sha512-mel+jf7nrtEl5Pn1Qx46zARXKDpBbvzezse7p7LqINmdoIk8PYP5SySaxEmYv6TZ0JyEKA1hsCId6DIhgITtWQ==",
          "dev": true,
          "requires": {
            "ms": "^2.1.1"
          }
        },
        "get-port": {
          "version": "4.1.0",
          "resolved": "https://registry.npmjs.org/get-port/-/get-port-4.1.0.tgz",
          "integrity": "sha512-4/fqAYrzrzOiqDrdeZRKXGdTGgbkfTEumGlNQPeP6Jy8w0PzN9mzeNQ3XgHaTNie8pQ3hOUkrwlZt2Fzk5H9mA==",
          "dev": true
        },
        "log4js": {
          "version": "4.0.2",
          "resolved": "https://registry.npmjs.org/log4js/-/log4js-4.0.2.tgz",
          "integrity": "sha512-KE7HjiieVDPPdveA3bJZSuu0n8chMkFl8mIoisBFxwEJ9FmXe4YzNuiqSwYUiR1K8q8/5/8Yd6AClENY1RA9ww==",
          "dev": true,
          "requires": {
            "date-format": "^2.0.0",
            "debug": "^3.1.0",
            "flatted": "^2.0.0",
            "rfdc": "^1.1.2",
            "streamroller": "^1.0.1"
          }
        },
        "typed-rest-client": {
          "version": "1.1.2",
          "resolved": "https://registry.npmjs.org/typed-rest-client/-/typed-rest-client-1.1.2.tgz",
          "integrity": "sha512-ToUH2PwqagO3L2vcLHJc8uvJlNeioxDkHPeN5WGJLaN6VOh01GvYoo0WwPk1sHSJfrVjxAPgtrRuZQiYjwFEaw==",
          "dev": true,
          "requires": {
            "tunnel": "0.0.4",
            "underscore": "1.8.3"
          }
        }
      }
    },
    "stryker-api": {
      "version": "0.24.1",
      "resolved": "https://registry.npmjs.org/stryker-api/-/stryker-api-0.24.1.tgz",
      "integrity": "sha512-7ar/+f96KXokhy8sT8EotUjt0+7hyeMpDQTQklWwhOkT6EHWLGYA1VBnYsrkn/KfSzNF8i6lUArBIJnyyfkc7A==",
      "dev": true,
      "requires": {
        "tslib": "~1.9.3"
      }
    },
    "stryker-jasmine": {
      "version": "0.12.1",
      "resolved": "https://registry.npmjs.org/stryker-jasmine/-/stryker-jasmine-0.12.1.tgz",
      "integrity": "sha512-jfGmB2YDHQrGD4sZOcTOIY5PFX6n6bvWuxeoU4rr51CuC6BxGRtFB2C1ANDyQ8y2SPzfdKgjPhhMz3iJJmpogg==",
      "dev": true,
      "requires": {
        "stryker-api": "^0.24.1"
      }
    },
    "stryker-jasmine-runner": {
      "version": "0.4.1",
      "resolved": "https://registry.npmjs.org/stryker-jasmine-runner/-/stryker-jasmine-runner-0.4.1.tgz",
      "integrity": "sha512-kXQIoH76mhlDdX/TNMebyPdJP9eyiQNknx+geFt9kjPtT/SibSGbom13SOlHcEMlvXbYv3EHHbe1ZtnQ/DoCFQ==",
      "dev": true,
      "requires": {
        "stryker-api": "^0.24.1"
      }
    },
    "stryker-javascript-mutator": {
      "version": "0.14.1",
      "resolved": "https://registry.npmjs.org/stryker-javascript-mutator/-/stryker-javascript-mutator-0.14.1.tgz",
      "integrity": "sha512-TFWT1kWlxeTtirdITbZiSZUwEkEgfcx+BVg1RvxczS7z0X9MHgCDeoZJxTMlaKieI+nbfMLGCcZdNzj8+Cr4uw==",
      "dev": true,
      "requires": {
        "@babel/generator": "~7.3.2",
        "@babel/parser": "~7.3.1",
        "@babel/traverse": "~7.2.2",
        "lodash": "~4.17.4",
        "stryker-api": "^0.24.1",
        "tslib": "~1.9.3"
      },
      "dependencies": {
        "@babel/generator": {
          "version": "7.3.4",
          "resolved": "https://registry.npmjs.org/@babel/generator/-/generator-7.3.4.tgz",
          "integrity": "sha512-8EXhHRFqlVVWXPezBW5keTiQi/rJMQTg/Y9uVCEZ0CAF3PKtCCaVRnp64Ii1ujhkoDhhF1fVsImoN4yJ2uz4Wg==",
          "dev": true,
          "requires": {
            "@babel/types": "^7.3.4",
            "jsesc": "^2.5.1",
            "lodash": "^4.17.11",
            "source-map": "^0.5.0",
            "trim-right": "^1.0.1"
          }
        },
        "@babel/parser": {
          "version": "7.3.4",
          "resolved": "https://registry.npmjs.org/@babel/parser/-/parser-7.3.4.tgz",
          "integrity": "sha512-tXZCqWtlOOP4wgCp6RjRvLmfuhnqTLy9VHwRochJBCP2nDm27JnnuFEnXFASVyQNHk36jD1tAammsCEEqgscIQ==",
          "dev": true
        },
        "@babel/traverse": {
          "version": "7.2.3",
          "resolved": "https://registry.npmjs.org/@babel/traverse/-/traverse-7.2.3.tgz",
          "integrity": "sha512-Z31oUD/fJvEWVR0lNZtfgvVt512ForCTNKYcJBGbPb1QZfve4WGH8Wsy7+Mev33/45fhP/hwQtvgusNdcCMgSw==",
          "dev": true,
          "requires": {
            "@babel/code-frame": "^7.0.0",
            "@babel/generator": "^7.2.2",
            "@babel/helper-function-name": "^7.1.0",
            "@babel/helper-split-export-declaration": "^7.0.0",
            "@babel/parser": "^7.2.3",
            "@babel/types": "^7.2.2",
            "debug": "^4.1.0",
            "globals": "^11.1.0",
            "lodash": "^4.17.10"
          }
        },
        "source-map": {
          "version": "0.5.7",
          "resolved": "https://registry.npmjs.org/source-map/-/source-map-0.5.7.tgz",
          "integrity": "sha1-igOdLRAh0i0eoUyA2OpGi6LvP8w=",
          "dev": true
        }
      }
    },
    "supports-color": {
      "version": "5.5.0",
      "resolved": "https://registry.npmjs.org/supports-color/-/supports-color-5.5.0.tgz",
      "integrity": "sha512-QjVjwdXIt408MIiAqCX4oUKsgU2EqAGzs2Ppkm4aQYbjm+ZEWEcW4SfFNTr4uMNZma0ey4f5lgLrkB0aX0QMow==",
      "dev": true,
      "requires": {
        "has-flag": "^3.0.0"
      }
    },
    "surrial": {
      "version": "1.0.0",
      "resolved": "https://registry.npmjs.org/surrial/-/surrial-1.0.0.tgz",
      "integrity": "sha512-dkvhz3QvgraMeFWI9V+BinpNCNoaSNxKcxb0umRpkWeFlZ0WSbIfeTm9YtLA6a4kv/Q2pOMQOtMlcv/b5h6qpg==",
      "dev": true
    },
    "through": {
      "version": "2.3.8",
      "resolved": "https://registry.npmjs.org/through/-/through-2.3.8.tgz",
      "integrity": "sha1-DdTJ/6q8NXlgsbckEV1+Doai4fU=",
      "dev": true
    },
    "tmp": {
      "version": "0.0.33",
      "resolved": "https://registry.npmjs.org/tmp/-/tmp-0.0.33.tgz",
      "integrity": "sha512-jRCJlojKnZ3addtTOjdIqoRuPEKBvNXcGYqzO6zWZX8KfKEpnGY5jfggJQ3EjKuu8D4bJRr0y+cYJFmYbImXGw==",
      "dev": true,
      "requires": {
        "os-tmpdir": "~1.0.2"
      }
    },
    "to-fast-properties": {
      "version": "2.0.0",
      "resolved": "https://registry.npmjs.org/to-fast-properties/-/to-fast-properties-2.0.0.tgz",
      "integrity": "sha1-3F5pjL0HkmW8c+A3doGk5Og/YW4=",
      "dev": true
    },
    "tree-kill": {
      "version": "1.2.2",
      "resolved": "https://registry.npmjs.org/tree-kill/-/tree-kill-1.2.2.tgz",
      "integrity": "sha512-L0Orpi8qGpRG//Nd+H90vFB+3iHnue1zSSGmNOOCh1GLJ7rUKVwV2HvijphGQS2UmhUZewS9VgvxYIdgr+fG1A==",
      "dev": true
    },
    "trim-right": {
      "version": "1.0.1",
      "resolved": "https://registry.npmjs.org/trim-right/-/trim-right-1.0.1.tgz",
      "integrity": "sha1-yy4SAwZ+DI3h9hQJS5/kVwTqYAM=",
      "dev": true
    },
    "tslib": {
      "version": "1.9.3",
      "resolved": "https://registry.npmjs.org/tslib/-/tslib-1.9.3.tgz",
      "integrity": "sha512-4krF8scpejhaOgqzBEcGM7yDIEfi0/8+8zDRZhNZZ2kjmHJ4hv3zCbQWxoJGz1iw5U0Jl0nma13xzHXcncMavQ==",
      "dev": true
    },
    "tunnel": {
      "version": "0.0.4",
      "resolved": "https://registry.npmjs.org/tunnel/-/tunnel-0.0.4.tgz",
      "integrity": "sha1-LTeFoVjBdMmhbcLARuxfxfF0IhM=",
      "dev": true
    },
    "type-check": {
      "version": "0.3.2",
      "resolved": "https://registry.npmjs.org/type-check/-/type-check-0.3.2.tgz",
      "integrity": "sha1-WITKtRLPHTVeP7eE8wgEsrUg23I=",
      "dev": true,
      "requires": {
        "prelude-ls": "~1.1.2"
      }
    },
    "typed-html": {
      "version": "1.0.0",
      "resolved": "https://registry.npmjs.org/typed-html/-/typed-html-1.0.0.tgz",
      "integrity": "sha512-/MGJs8DqjNdJWSnUdV7U7VeSwhKYNZli0wq84h5zPg/+76DNuDEnWloAkzmoYdgQOWtwZIlyLUQMLHYuUnP3tQ==",
      "dev": true
    },
    "typed-inject": {
      "version": "1.0.0",
      "resolved": "https://registry.npmjs.org/typed-inject/-/typed-inject-1.0.0.tgz",
      "integrity": "sha512-u1ZR7Zvu0NIIZjiLg8RSp4oOoSs8wUnsn8mQ3Pnl8fHmCNkA7Y/aOKTR/Stp4R9/bazwphSktuOEMP++DdlAKQ==",
      "dev": true
    },
    "typed-rest-client": {
      "version": "1.2.0",
      "resolved": "https://registry.npmjs.org/typed-rest-client/-/typed-rest-client-1.2.0.tgz",
      "integrity": "sha512-FrUshzZ1yxH8YwGR29PWWnfksLEILbWJydU7zfIRkyH7kAEzB62uMAl2WY6EyolWpLpVHeJGgQm45/MaruaHpw==",
      "dev": true,
      "requires": {
        "tunnel": "0.0.4",
        "underscore": "1.8.3"
      }
    },
    "underscore": {
      "version": "1.8.3",
      "resolved": "https://registry.npmjs.org/underscore/-/underscore-1.8.3.tgz",
      "integrity": "sha1-Tz+1OxBuYJf8+ctBCfKl6b36UCI=",
      "dev": true
    },
    "universalify": {
      "version": "0.1.2",
      "resolved": "https://registry.npmjs.org/universalify/-/universalify-0.1.2.tgz",
      "integrity": "sha512-rBJeI5CXAlmy1pV+617WB9J63U6XcazHHF2f2dbJix4XzpUF0RS3Zbj0FGIOCAva5P/d/GBOYaACQ1w+0azUkg==",
      "dev": true
    },
    "wordwrap": {
      "version": "1.0.0",
      "resolved": "https://registry.npmjs.org/wordwrap/-/wordwrap-1.0.0.tgz",
      "integrity": "sha1-J1hIEIkUVqQXHI0CJkQa3pDLyus=",
      "dev": true
    },
    "wrappy": {
      "version": "1.0.2",
      "resolved": "http://cipcentral-prod.be.net.intra/nexus/repository/BNPPF_NPM/wrappy/-/wrappy-1.0.2.tgz",
      "integrity": "sha1-tSQ9jz7BqjXxNkYFvA0QNuMKtp8=",
      "dev": true
    }
  }
}
